<?xml version="1.0" encoding="utf-8"?>
<Project ToolsVersion="4.0" xmlns="http://schemas.microsoft.com/developer/msbuild/2003">
  <ItemGroup>
    <ClCompile Include="..\src\main.cpp" />
    <ClCompile Include="colisiones.cpp" />
    <ClCompile Include="enemigo.cpp" />
    <ClCompile Include="gameplay.cpp" />
    <ClCompile Include="juego.cpp" />
    <ClCompile Include="jugador.cpp" />
    <ClCompile Include="menu.cpp" />
    <ClCompile Include="opciones.cpp" />
    <ClCompile Include="pantalla.cpp" />
    <ClCompile Include="pausa.cpp" />
    <ClCompile Include="personaje.cpp" />
    <ClCompile Include="mapa.cpp" />
    <ClCompile Include="gameover.cpp" />
  </ItemGroup>
  <ItemGroup>
    <ClInclude Include="colisiones.h" />
    <ClInclude Include="enemigo.h" />
    <ClInclude Include="gameplay.h" />
    <ClInclude Include="juego.h" />
    <ClInclude Include="jugador.h" />
    <ClInclude Include="menu.h" />
    <ClInclude Include="opciones.h" />
    <ClInclude Include="pantalla.h" />
    <ClInclude Include="pausa.h" />
    <ClInclude Include="personaje.h" />
    <ClInclude Include="mapa.h" />
    <ClInclude Include="gameover.h" />
  </ItemGroup>
</Project>